
Microsoft Visual Studio Solution File, Format Version 12.00
# Visual Studio 14
VisualStudioVersion = 14.0.25420.1
MinimumVisualStudioVersion = 10.0.40219.1
Project("{FAE04EC0-301F-11D3-BF4B-00C04F79EFBC}") = "PracticaProfesionalVivarsan", "PracticaProfesionalVivarsan\PracticaProfesionalVivarsan.csproj", "{9E8E048B-9972-4C67-8BCA-6D0B9379D088}"
EndProject
Project("{FAE04EC0-301F-11D3-BF4B-00C04F79EFBC}") = "AccesoDatos", "AccesoDatos\AccesoDatos.csproj", "{9655BBBB-A567-43AF-BE8F-0455F457FD78}"
EndProject
Project("{FAE04EC0-301F-11D3-BF4B-00C04F79EFBC}") = "Entidad", "Entidad\Entidad.csproj", "{A21252CB-E89E-4005-8541-18C899546455}"
EndProject
Project("{FAE04EC0-301F-11D3-BF4B-00C04F79EFBC}") = "Logica", "Logica\Logica.csproj", "{2B3FB797-6373-41FB-8CC4-C795C48C52BB}"
EndProject
Global
	GlobalSection(SolutionConfigurationPlatforms) = preSolution
		Debug|Any CPU = Debug|Any CPU
		Release|Any CPU = Release|Any CPU
	EndGlobalSection
	GlobalSection(ProjectConfigurationPlatforms) = postSolution
		{9E8E048B-9972-4C67-8BCA-6D0B9379D088}.Debug|Any CPU.ActiveCfg = Debug|Any CPU
		{9E8E048B-9972-4C67-8BCA-6D0B9379D088}.Debug|Any CPU.Build.0 = Debug|Any CPU
		{9E8E048B-9972-4C67-8BCA-6D0B9379D088}.Release|Any CPU.ActiveCfg = Release|Any CPU
		{9E8E048B-9972-4C67-8BCA-6D0B9379D088}.Release|Any CPU.Build.0 = Release|Any CPU
		{9655BBBB-A567-43AF-BE8F-0455F457FD78}.Debug|Any CPU.ActiveCfg = Debug|Any CPU
		{9655BBBB-A567-43AF-BE8F-0455F457FD78}.Debug|Any CPU.Build.0 = Debug|Any CPU
		{9655BBBB-A567-43AF-BE8F-0455F457FD78}.Release|Any CPU.ActiveCfg = Release|Any CPU
		{9655BBBB-A567-43AF-BE8F-0455F457FD78}.Release|Any CPU.Build.0 = Release|Any CPU
		{A21252CB-E89E-4005-8541-18C899546455}.Debug|Any CPU.ActiveCfg = Debug|Any CPU
		{A21252CB-E89E-4005-8541-18C899546455}.Debug|Any CPU.Build.0 = Debug|Any CPU
		{A21252CB-E89E-4005-8541-18C899546455}.Release|Any CPU.ActiveCfg = Release|Any CPU
		{A21252CB-E89E-4005-8541-18C899546455}.Release|Any CPU.Build.0 = Release|Any CPU
		{2B3FB797-6373-41FB-8CC4-C795C48C52BB}.Debug|Any CPU.ActiveCfg = Debug|Any CPU
		{2B3FB797-6373-41FB-8CC4-C795C48C52BB}.Debug|Any CPU.Build.0 = Debug|Any CPU
		{2B3FB797-6373-41FB-8CC4-C795C48C52BB}.Release|Any CPU.ActiveCfg = Release|Any CPU
		{2B3FB797-6373-41FB-8CC4-C795C48C52BB}.Release|Any CPU.Build.0 = Release|Any CPU
	EndGlobalSection
	GlobalSection(SolutionProperties) = preSolution
		HideSolutionNode = FALSE
	EndGlobalSection
EndGlobal
